{
    __meta__ = {
        version = "1.0"
    },
    ["windows|x64"] = {
        ["cmake#31fecfc4"] = {
            repo = {
                branch = "master",
                commit = "a629e0cab4c63951a64fffc9eefd20b87bafb848",
                url = "https://gitlab.com/tboox/xmake-repo.git"
            },
            version = "3.31.6-msvc6"
        },
        ["directxmath#31fecfc4"] = {
            repo = {
                branch = "master",
                commit = "a629e0cab4c63951a64fffc9eefd20b87bafb848",
                url = "https://gitlab.com/tboox/xmake-repo.git"
            },
            version = "2024.02"
        },
        ["directxtk#31fecfc4"] = {
            repo = {
                branch = "master",
                commit = "a629e0cab4c63951a64fffc9eefd20b87bafb848",
                url = "https://gitlab.com/tboox/xmake-repo.git"
            },
            version = "24.2.0"
        },
        ["ninja#31fecfc4"] = {
            repo = {
                branch = "master",
                commit = "a629e0cab4c63951a64fffc9eefd20b87bafb848",
                url = "https://gitlab.com/tboox/xmake-repo.git"
            },
            version = "1.12.1"
        },
        ["spdlog#9c36f0a9"] = {
            repo = {
                branch = "master",
                commit = "a629e0cab4c63951a64fffc9eefd20b87bafb848",
                url = "https://gitlab.com/tboox/xmake-repo.git"
            },
            version = "v1.17.0"
        }
    }
}